
Microsoft Visual Studio Solution File, Format Version 12.00
# Visual Studio Version 17
VisualStudioVersion = 17.7.34202.233
MinimumVisualStudioVersion = 10.0.40219.1
Project("{FAE04EC0-301F-11D3-BF4B-00C04F79EFBC}") = "TaskManagerApp", "TaskManagerApp\TaskManagerApp.csproj", "{67ED8D37-64FC-4FAC-A6A2-CFBB0D92E7F4}"
EndProject
Global
	GlobalSection(SolutionConfigurationPlatforms) = preSolution
		Debug|Any CPU = Debug|Any CPU
		Release|Any CPU = Release|Any CPU
	EndGlobalSection
	GlobalSection(ProjectConfigurationPlatforms) = postSolution
		{67ED8D37-64FC-4FAC-A6A2-CFBB0D92E7F4}.Debug|Any CPU.ActiveCfg = Debug|Any CPU
		{67ED8D37-64FC-4FAC-A6A2-CFBB0D92E7F4}.Debug|Any CPU.Build.0 = Debug|Any CPU
		{67ED8D37-64FC-4FAC-A6A2-CFBB0D92E7F4}.Release|Any CPU.ActiveCfg = Release|Any CPU
		{67ED8D37-64FC-4FAC-A6A2-CFBB0D92E7F4}.Release|Any CPU.Build.0 = Release|Any CPU
	EndGlobalSection
	GlobalSection(SolutionProperties) = preSolution
		HideSolutionNode = FALSE
	EndGlobalSection
	GlobalSection(ExtensibilityGlobals) = postSolution
		SolutionGuid = {1118F812-CC22-4527-8C03-9FAE76F1993B}
	EndGlobalSection
EndGlobal
